{
  "name": "docbound",
  "version": "0.2.1",
  "lockfileVersion": 3,
  "requires": true,
  "packages": {
    "": {
      "name": "docbound",
      "version": "0.2.1",
      "license": "Apache-2.0",
      "dependencies": {
        "docbound": "^0.2.1"
      },
      "bin": {
        "docbound": "cli/index.mjs"
      },
      "engines": {
        "node": ">=20"
      }
    },
    "node_modules/docbound": {
      "version": "0.2.1",
      "resolved": "https://registry.npmjs.org/docbound/-/docbound-0.2.1.tgz",
      "integrity": "sha512-7nfmtrVMF06pvH7/2IUyVnpFM49bLemVmNZLftx3xQWpqVfBqNTkmRYS5XB3ScPc8eIcYGhTielcavcqLkyKFQ==",
      "bin": {
        "docbound": "cli/index.mjs"
      },
      "engines": {
        "node": ">=20"
      }
    }
  }
}
